
Microsoft Visual Studio Solution File, Format Version 12.00
# Visual Studio Version 17
VisualStudioVersion = 17.3.32825.248
MinimumVisualStudioVersion = 10.0.40219.1
Project("{FAE04EC0-301F-11D3-BF4B-00C04F79EFBC}") = "Ejercicios_Practica7", "Ejercicios_Practica7\Ejercicios_Practica7.csproj", "{DA35010A-70C2-497A-B634-A082512C92CE}"
EndProject
Global
	GlobalSection(SolutionConfigurationPlatforms) = preSolution
		Debug|Any CPU = Debug|Any CPU
		Release|Any CPU = Release|Any CPU
	EndGlobalSection
	GlobalSection(ProjectConfigurationPlatforms) = postSolution
		{DA35010A-70C2-497A-B634-A082512C92CE}.Debug|Any CPU.ActiveCfg = Debug|Any CPU
		{DA35010A-70C2-497A-B634-A082512C92CE}.Debug|Any CPU.Build.0 = Debug|Any CPU
		{DA35010A-70C2-497A-B634-A082512C92CE}.Release|Any CPU.ActiveCfg = Release|Any CPU
		{DA35010A-70C2-497A-B634-A082512C92CE}.Release|Any CPU.Build.0 = Release|Any CPU
	EndGlobalSection
	GlobalSection(SolutionProperties) = preSolution
		HideSolutionNode = FALSE
	EndGlobalSection
	GlobalSection(ExtensibilityGlobals) = postSolution
		SolutionGuid = {1DD359EB-4EEE-49CD-9F26-DFD215C8D00E}
	EndGlobalSection
EndGlobal
